// !$*UTF8*$!
{
	archiveVersion = 1;
	classes = {
	};
	objectVersion = 46;
	objects = {

/* Begin PBXBuildFile section */
		E808DF8417F13F4F00545730 /* SinaWeibo.bundle in Resources */ = {isa = PBXBuildFile; fileRef = E808DF7C17F13F4F00545730 /* SinaWeibo.bundle */; };
		E808DF8517F13F4F00545730 /* SinaWeibo.m in Sources */ = {isa = PBXBuildFile; fileRef = E808DF7E17F13F4F00545730 /* SinaWeibo.m */; };
		E808DF8617F13F4F00545730 /* SinaWeiboAuthorizeView.m in Sources */ = {isa = PBXBuildFile; fileRef = E808DF8017F13F4F00545730 /* SinaWeiboAuthorizeView.m */; };
		E808DF8717F13F4F00545730 /* SinaWeiboRequest.m in Sources */ = {isa = PBXBuildFile; fileRef = E808DF8317F13F4F00545730 /* SinaWeiboRequest.m */; };
		E808DF8B17F1582F00545730 /* JSONKit.m in Sources */ = {isa = PBXBuildFile; fileRef = E808DF8A17F1582F00545730 /* JSONKit.m */; };
		E80DEF9317EFDB5500F370C6 /* UIKit.framework in Frameworks */ = {isa = PBXBuildFile; fileRef = E80DEF9217EFDB5500F370C6 /* UIKit.framework */; };
		E80DEF9517EFDB5500F370C6 /* Foundation.framework in Frameworks */ = {isa = PBXBuildFile; fileRef = E80DEF9417EFDB5500F370C6 /* Foundation.framework */; };
		E80DEF9717EFDB5500F370C6 /* CoreGraphics.framework in Frameworks */ = {isa = PBXBuildFile; fileRef = E80DEF9617EFDB5500F370C6 /* CoreGraphics.framework */; };
		E80DEF9D17EFDB5500F370C6 /* InfoPlist.strings in Resources */ = {isa = PBXBuildFile; fileRef = E80DEF9B17EFDB5500F370C6 /* InfoPlist.strings */; };
		E80DEF9F17EFDB5500F370C6 /* main.m in Sources */ = {isa = PBXBuildFile; fileRef = E80DEF9E17EFDB5500F370C6 /* main.m */; };
		E80DEFA317EFDB5500F370C6 /* BSAppDelegate.m in Sources */ = {isa = PBXBuildFile; fileRef = E80DEFA217EFDB5500F370C6 /* BSAppDelegate.m */; };
		E80DEFA517EFDB5500F370C6 /* Default.png in Resources */ = {isa = PBXBuildFile; fileRef = E80DEFA417EFDB5500F370C6 /* Default.png */; };
		E80DEFA717EFDB5500F370C6 /* Default@2x.png in Resources */ = {isa = PBXBuildFile; fileRef = E80DEFA617EFDB5500F370C6 /* Default@2x.png */; };
		E80DEFA917EFDB5500F370C6 /* Default-568h@2x.png in Resources */ = {isa = PBXBuildFile; fileRef = E80DEFA817EFDB5500F370C6 /* Default-568h@2x.png */; };
		E80DEFAC17EFDB5500F370C6 /* BSViewController.m in Sources */ = {isa = PBXBuildFile; fileRef = E80DEFAB17EFDB5500F370C6 /* BSViewController.m */; };
		E80DEFAF17EFDB5500F370C6 /* BSViewController.xib in Resources */ = {isa = PBXBuildFile; fileRef = E80DEFAD17EFDB5500F370C6 /* BSViewController.xib */; };
		E80DEFC017EFE00500F370C6 /* libTCWeiboSDK-arm.a in Frameworks */ = {isa = PBXBuildFile; fileRef = E80DEFBA17EFE00500F370C6 /* libTCWeiboSDK-arm.a */; };
		E80DEFC117EFE00500F370C6 /* libTCWeiboSDK-x86.a in Frameworks */ = {isa = PBXBuildFile; fileRef = E80DEFBB17EFE00500F370C6 /* libTCWeiboSDK-x86.a */; };
		E80DEFC217EFE00500F370C6 /* libTCWeiboSDK.a in Frameworks */ = {isa = PBXBuildFile; fileRef = E80DEFBC17EFE00500F370C6 /* libTCWeiboSDK.a */; };
		E80DEFC417EFE5AC00F370C6 /* icon.png in Resources */ = {isa = PBXBuildFile; fileRef = E80DEFC317EFE5AC00F370C6 /* icon.png */; };
		E80DEFE517F0252400F370C6 /* Security.framework in Frameworks */ = {isa = PBXBuildFile; fileRef = E80DEFE417F0252400F370C6 /* Security.framework */; };
		E81AD41317F5353100B90756 /* test.png in Resources */ = {isa = PBXBuildFile; fileRef = E81AD41117F5353100B90756 /* test.png */; };
		E81AD41417F5353100B90756 /* test@2x.png in Resources */ = {isa = PBXBuildFile; fileRef = E81AD41217F5353100B90756 /* test@2x.png */; };
		E81AD41717F5526300B90756 /* BSAttachedPictureView.m in Sources */ = {isa = PBXBuildFile; fileRef = E81AD41617F5526300B90756 /* BSAttachedPictureView.m */; };
		E81AD41A17F55CEC00B90756 /* BSAttachedPictureCtrlView.m in Sources */ = {isa = PBXBuildFile; fileRef = E81AD41917F55CEC00B90756 /* BSAttachedPictureCtrlView.m */; };
		E823AC7C17F4029300D01DEA /* UIView+BasicShareKit.m in Sources */ = {isa = PBXBuildFile; fileRef = E823AC7B17F4029300D01DEA /* UIView+BasicShareKit.m */; };
		E823AC7F17F4039300D01DEA /* BSCustomButtons.m in Sources */ = {isa = PBXBuildFile; fileRef = E823AC7E17F4039300D01DEA /* BSCustomButtons.m */; };
		E823AC8317F417BD00D01DEA /* ShareButtonBG.png in Resources */ = {isa = PBXBuildFile; fileRef = E823AC8117F417BD00D01DEA /* ShareButtonBG.png */; };
		E823AC8417F417BD00D01DEA /* ShareButtonBG@2x.png in Resources */ = {isa = PBXBuildFile; fileRef = E823AC8217F417BD00D01DEA /* ShareButtonBG@2x.png */; };
		E823AC8717F42E9F00D01DEA /* NSString+BasicShareKit.m in Sources */ = {isa = PBXBuildFile; fileRef = E823AC8617F42E9F00D01DEA /* NSString+BasicShareKit.m */; };
		E823AC9A17F4312E00D01DEA /* UIButton+BasicShareKit.m in Sources */ = {isa = PBXBuildFile; fileRef = E823AC9917F4312D00D01DEA /* UIButton+BasicShareKit.m */; };
		E823AC9D17F434A200D01DEA /* BSImagePickerController.m in Sources */ = {isa = PBXBuildFile; fileRef = E823AC9C17F434A100D01DEA /* BSImagePickerController.m */; };
		E8E869E717F27C300052CFA3 /* BasicShareKit.bundle in Resources */ = {isa = PBXBuildFile; fileRef = E8E869E617F27C300052CFA3 /* BasicShareKit.bundle */; };
		E8E869EB17F27E050052CFA3 /* UIImage+BasicShareKit.m in Sources */ = {isa = PBXBuildFile; fileRef = E8E869EA17F27E050052CFA3 /* UIImage+BasicShareKit.m */; };
		E8E869F317F2BBB30052CFA3 /* BSPlaceHolderTextView.m in Sources */ = {isa = PBXBuildFile; fileRef = E8E869F217F2BBB30052CFA3 /* BSPlaceHolderTextView.m */; };
		E8E869F917F2C7580052CFA3 /* BSBaseRebroadcastMsgViewController.m in Sources */ = {isa = PBXBuildFile; fileRef = E8E869F817F2C7580052CFA3 /* BSBaseRebroadcastMsgViewController.m */; };
		E8E869FC17F2C77F0052CFA3 /* BSSimpleRebroadcastMsgViewController.m in Sources */ = {isa = PBXBuildFile; fileRef = E8E869FB17F2C77F0052CFA3 /* BSSimpleRebroadcastMsgViewController.m */; };
		E8E869FF17F2C7990052CFA3 /* BSRebroadcastMsgViewController.m in Sources */ = {isa = PBXBuildFile; fileRef = E8E869FE17F2C7990052CFA3 /* BSRebroadcastMsgViewController.m */; };
		E8EE33BB17F7BE97009A955A /* BasicShareKit.m in Sources */ = {isa = PBXBuildFile; fileRef = E8EE33BA17F7BE97009A955A /* BasicShareKit.m */; };
		E8EF4AFD17F17DDF005F10FA /* BSActionSheet.m in Sources */ = {isa = PBXBuildFile; fileRef = E8EF4AFC17F17DDF005F10FA /* BSActionSheet.m */; };
		E8EF4AFF17F17E83005F10FA /* QuartzCore.framework in Frameworks */ = {isa = PBXBuildFile; fileRef = E8EF4AFE17F17E83005F10FA /* QuartzCore.framework */; };
/* End PBXBuildFile section */

/* Begin PBXFileReference section */
		E808DF7C17F13F4F00545730 /* SinaWeibo.bundle */ = {isa = PBXFileReference; lastKnownFileType = "wrapper.plug-in"; path = SinaWeibo.bundle; sourceTree = "<group>"; };
		E808DF7D17F13F4F00545730 /* SinaWeibo.h */ = {isa = PBXFileReference; fileEncoding = 4; lastKnownFileType = sourcecode.c.h; path = SinaWeibo.h; sourceTree = "<group>"; };
		E808DF7E17F13F4F00545730 /* SinaWeibo.m */ = {isa = PBXFileReference; fileEncoding = 4; lastKnownFileType = sourcecode.c.objc; path = SinaWeibo.m; sourceTree = "<group>"; };
		E808DF7F17F13F4F00545730 /* SinaWeiboAuthorizeView.h */ = {isa = PBXFileReference; fileEncoding = 4; lastKnownFileType = sourcecode.c.h; path = SinaWeiboAuthorizeView.h; sourceTree = "<group>"; };
		E808DF8017F13F4F00545730 /* SinaWeiboAuthorizeView.m */ = {isa = PBXFileReference; fileEncoding = 4; lastKnownFileType = sourcecode.c.objc; path = SinaWeiboAuthorizeView.m; sourceTree = "<group>"; };
		E808DF8117F13F4F00545730 /* SinaWeiboConstants.h */ = {isa = PBXFileReference; fileEncoding = 4; lastKnownFileType = sourcecode.c.h; path = SinaWeiboConstants.h; sourceTree = "<group>"; };
		E808DF8217F13F4F00545730 /* SinaWeiboRequest.h */ = {isa = PBXFileReference; fileEncoding = 4; lastKnownFileType = sourcecode.c.h; path = SinaWeiboRequest.h; sourceTree = "<group>"; };
		E808DF8317F13F4F00545730 /* SinaWeiboRequest.m */ = {isa = PBXFileReference; fileEncoding = 4; lastKnownFileType = sourcecode.c.objc; path = SinaWeiboRequest.m; sourceTree = "<group>"; };
		E808DF8917F1582F00545730 /* JSONKit.h */ = {isa = PBXFileReference; fileEncoding = 4; lastKnownFileType = sourcecode.c.h; path = JSONKit.h; sourceTree = "<group>"; };
		E808DF8A17F1582F00545730 /* JSONKit.m */ = {isa = PBXFileReference; fileEncoding = 4; lastKnownFileType = sourcecode.c.objc; path = JSONKit.m; sourceTree = "<group>"; };
		E80DEF8F17EFDB5500F370C6 /* BasicShareKit.app */ = {isa = PBXFileReference; explicitFileType = wrapper.application; includeInIndex = 0; path = BasicShareKit.app; sourceTree = BUILT_PRODUCTS_DIR; };
		E80DEF9217EFDB5500F370C6 /* UIKit.framework */ = {isa = PBXFileReference; lastKnownFileType = wrapper.framework; name = UIKit.framework; path = System/Library/Frameworks/UIKit.framework; sourceTree = SDKROOT; };
		E80DEF9417EFDB5500F370C6 /* Foundation.framework */ = {isa = PBXFileReference; lastKnownFileType = wrapper.framework; name = Foundation.framework; path = System/Library/Frameworks/Foundation.framework; sourceTree = SDKROOT; };
		E80DEF9617EFDB5500F370C6 /* CoreGraphics.framework */ = {isa = PBXFileReference; lastKnownFileType = wrapper.framework; name = CoreGraphics.framework; path = System/Library/Frameworks/CoreGraphics.framework; sourceTree = SDKROOT; };
		E80DEF9A17EFDB5500F370C6 /* BasicShareKit-Info.plist */ = {isa = PBXFileReference; lastKnownFileType = text.plist.xml; path = "BasicShareKit-Info.plist"; sourceTree = "<group>"; };
		E80DEF9C17EFDB5500F370C6 /* en */ = {isa = PBXFileReference; lastKnownFileType = text.plist.strings; name = en; path = en.lproj/InfoPlist.strings; sourceTree = "<group>"; };
		E80DEF9E17EFDB5500F370C6 /* main.m */ = {isa = PBXFileReference; lastKnownFileType = sourcecode.c.objc; path = main.m; sourceTree = "<group>"; };
		E80DEFA017EFDB5500F370C6 /* BasicShareKit-Prefix.pch */ = {isa = PBXFileReference; lastKnownFileType = sourcecode.c.h; path = "BasicShareKit-Prefix.pch"; sourceTree = "<group>"; };
		E80DEFA117EFDB5500F370C6 /* BSAppDelegate.h */ = {isa = PBXFileReference; lastKnownFileType = sourcecode.c.h; path = BSAppDelegate.h; sourceTree = "<group>"; };
		E80DEFA217EFDB5500F370C6 /* BSAppDelegate.m */ = {isa = PBXFileReference; lastKnownFileType = sourcecode.c.objc; path = BSAppDelegate.m; sourceTree = "<group>"; };
		E80DEFA417EFDB5500F370C6 /* Default.png */ = {isa = PBXFileReference; lastKnownFileType = image.png; path = Default.png; sourceTree = "<group>"; };
		E80DEFA617EFDB5500F370C6 /* Default@2x.png */ = {isa = PBXFileReference; lastKnownFileType = image.png; path = "Default@2x.png"; sourceTree = "<group>"; };
		E80DEFA817EFDB5500F370C6 /* Default-568h@2x.png */ = {isa = PBXFileReference; lastKnownFileType = image.png; path = "Default-568h@2x.png"; sourceTree = "<group>"; };
		E80DEFAA17EFDB5500F370C6 /* BSViewController.h */ = {isa = PBXFileReference; lastKnownFileType = sourcecode.c.h; path = BSViewController.h; sourceTree = "<group>"; };
		E80DEFAB17EFDB5500F370C6 /* BSViewController.m */ = {isa = PBXFileReference; lastKnownFileType = sourcecode.c.objc; path = BSViewController.m; sourceTree = "<group>"; };
		E80DEFAE17EFDB5500F370C6 /* en */ = {isa = PBXFileReference; lastKnownFileType = file.xib; name = en; path = en.lproj/BSViewController.xib; sourceTree = "<group>"; };
		E80DEFBA17EFE00500F370C6 /* libTCWeiboSDK-arm.a */ = {isa = PBXFileReference; lastKnownFileType = archive.ar; path = "libTCWeiboSDK-arm.a"; sourceTree = "<group>"; };
		E80DEFBB17EFE00500F370C6 /* libTCWeiboSDK-x86.a */ = {isa = PBXFileReference; lastKnownFileType = archive.ar; path = "libTCWeiboSDK-x86.a"; sourceTree = "<group>"; };
		E80DEFBC17EFE00500F370C6 /* libTCWeiboSDK.a */ = {isa = PBXFileReference; lastKnownFileType = archive.ar; path = libTCWeiboSDK.a; sourceTree = "<group>"; };
		E80DEFBD17EFE00500F370C6 /* WeiboApi.h */ = {isa = PBXFileReference; fileEncoding = 4; lastKnownFileType = sourcecode.c.h; path = WeiboApi.h; sourceTree = "<group>"; };
		E80DEFC317EFE5AC00F370C6 /* icon.png */ = {isa = PBXFileReference; lastKnownFileType = image.png; path = icon.png; sourceTree = "<group>"; };
		E80DEFE417F0252400F370C6 /* Security.framework */ = {isa = PBXFileReference; lastKnownFileType = wrapper.framework; name = Security.framework; path = System/Library/Frameworks/Security.framework; sourceTree = SDKROOT; };
		E81AD41117F5353100B90756 /* test.png */ = {isa = PBXFileReference; lastKnownFileType = image.png; path = test.png; sourceTree = "<group>"; };
		E81AD41217F5353100B90756 /* test@2x.png */ = {isa = PBXFileReference; lastKnownFileType = image.png; path = "test@2x.png"; sourceTree = "<group>"; };
		E81AD41517F5526300B90756 /* BSAttachedPictureView.h */ = {isa = PBXFileReference; fileEncoding = 4; lastKnownFileType = sourcecode.c.h; path = BSAttachedPictureView.h; sourceTree = "<group>"; };
		E81AD41617F5526300B90756 /* BSAttachedPictureView.m */ = {isa = PBXFileReference; fileEncoding = 4; lastKnownFileType = sourcecode.c.objc; path = BSAttachedPictureView.m; sourceTree = "<group>"; };
		E81AD41817F55CEC00B90756 /* BSAttachedPictureCtrlView.h */ = {isa = PBXFileReference; fileEncoding = 4; lastKnownFileType = sourcecode.c.h; path = BSAttachedPictureCtrlView.h; sourceTree = "<group>"; };
		E81AD41917F55CEC00B90756 /* BSAttachedPictureCtrlView.m */ = {isa = PBXFileReference; fileEncoding = 4; lastKnownFileType = sourcecode.c.objc; path = BSAttachedPictureCtrlView.m; sourceTree = "<group>"; };
		E823AC7A17F4029300D01DEA /* UIView+BasicShareKit.h */ = {isa = PBXFileReference; fileEncoding = 4; lastKnownFileType = sourcecode.c.h; path = "UIView+BasicShareKit.h"; sourceTree = "<group>"; };
		E823AC7B17F4029300D01DEA /* UIView+BasicShareKit.m */ = {isa = PBXFileReference; fileEncoding = 4; lastKnownFileType = sourcecode.c.objc; path = "UIView+BasicShareKit.m"; sourceTree = "<group>"; };
		E823AC7D17F4039300D01DEA /* BSCustomButtons.h */ = {isa = PBXFileReference; fileEncoding = 4; lastKnownFileType = sourcecode.c.h; path = BSCustomButtons.h; sourceTree = "<group>"; };
		E823AC7E17F4039300D01DEA /* BSCustomButtons.m */ = {isa = PBXFileReference; fileEncoding = 4; lastKnownFileType = sourcecode.c.objc; path = BSCustomButtons.m; sourceTree = "<group>"; };
		E823AC8117F417BD00D01DEA /* ShareButtonBG.png */ = {isa = PBXFileReference; lastKnownFileType = image.png; path = ShareButtonBG.png; sourceTree = "<group>"; };
		E823AC8217F417BD00D01DEA /* ShareButtonBG@2x.png */ = {isa = PBXFileReference; lastKnownFileType = image.png; path = "ShareButtonBG@2x.png"; sourceTree = "<group>"; };
		E823AC8517F42E9F00D01DEA /* NSString+BasicShareKit.h */ = {isa = PBXFileReference; fileEncoding = 4; lastKnownFileType = sourcecode.c.h; path = "NSString+BasicShareKit.h"; sourceTree = "<group>"; };
		E823AC8617F42E9F00D01DEA /* NSString+BasicShareKit.m */ = {isa = PBXFileReference; fileEncoding = 4; lastKnownFileType = sourcecode.c.objc; path = "NSString+BasicShareKit.m"; sourceTree = "<group>"; };
		E823AC9817F4312D00D01DEA /* UIButton+BasicShareKit.h */ = {isa = PBXFileReference; fileEncoding = 4; lastKnownFileType = sourcecode.c.h; path = "UIButton+BasicShareKit.h"; sourceTree = "<group>"; };
		E823AC9917F4312D00D01DEA /* UIButton+BasicShareKit.m */ = {isa = PBXFileReference; fileEncoding = 4; lastKnownFileType = sourcecode.c.objc; path = "UIButton+BasicShareKit.m"; sourceTree = "<group>"; };
		E823AC9B17F434A100D01DEA /* BSImagePickerController.h */ = {isa = PBXFileReference; fileEncoding = 4; lastKnownFileType = sourcecode.c.h; path = BSImagePickerController.h; sourceTree = "<group>"; };
		E823AC9C17F434A100D01DEA /* BSImagePickerController.m */ = {isa = PBXFileReference; fileEncoding = 4; lastKnownFileType = sourcecode.c.objc; path = BSImagePickerController.m; sourceTree = "<group>"; };
		E8E869E617F27C300052CFA3 /* BasicShareKit.bundle */ = {isa = PBXFileReference; lastKnownFileType = "wrapper.plug-in"; path = BasicShareKit.bundle; sourceTree = "<group>"; };
		E8E869E917F27E050052CFA3 /* UIImage+BasicShareKit.h */ = {isa = PBXFileReference; fileEncoding = 4; lastKnownFileType = sourcecode.c.h; path = "UIImage+BasicShareKit.h"; sourceTree = "<group>"; };
		E8E869EA17F27E050052CFA3 /* UIImage+BasicShareKit.m */ = {isa = PBXFileReference; fileEncoding = 4; lastKnownFileType = sourcecode.c.objc; path = "UIImage+BasicShareKit.m"; sourceTree = "<group>"; };
		E8E869EF17F2890C0052CFA3 /* BasicShareKit.h */ = {isa = PBXFileReference; lastKnownFileType = sourcecode.c.h; path = BasicShareKit.h; sourceTree = "<group>"; };
		E8E869F017F28A320052CFA3 /* BasicShareTypeDef.h */ = {isa = PBXFileReference; lastKnownFileType = sourcecode.c.h; path = BasicShareTypeDef.h; sourceTree = "<group>"; };
		E8E869F117F2BBB30052CFA3 /* BSPlaceHolderTextView.h */ = {isa = PBXFileReference; fileEncoding = 4; lastKnownFileType = sourcecode.c.h; path = BSPlaceHolderTextView.h; sourceTree = "<group>"; };
		E8E869F217F2BBB30052CFA3 /* BSPlaceHolderTextView.m */ = {isa = PBXFileReference; fileEncoding = 4; lastKnownFileType = sourcecode.c.objc; path = BSPlaceHolderTextView.m; sourceTree = "<group>"; };
		E8E869F717F2C7570052CFA3 /* BSBaseRebroadcastMsgViewController.h */ = {isa = PBXFileReference; fileEncoding = 4; lastKnownFileType = sourcecode.c.h; path = BSBaseRebroadcastMsgViewController.h; sourceTree = "<group>"; };
		E8E869F817F2C7580052CFA3 /* BSBaseRebroadcastMsgViewController.m */ = {isa = PBXFileReference; fileEncoding = 4; lastKnownFileType = sourcecode.c.objc; path = BSBaseRebroadcastMsgViewController.m; sourceTree = "<group>"; };
		E8E869FA17F2C77E0052CFA3 /* BSSimpleRebroadcastMsgViewController.h */ = {isa = PBXFileReference; fileEncoding = 4; lastKnownFileType = sourcecode.c.h; path = BSSimpleRebroadcastMsgViewController.h; sourceTree = "<group>"; };
		E8E869FB17F2C77F0052CFA3 /* BSSimpleRebroadcastMsgViewController.m */ = {isa = PBXFileReference; fileEncoding = 4; lastKnownFileType = sourcecode.c.objc; path = BSSimpleRebroadcastMsgViewController.m; sourceTree = "<group>"; };
		E8E869FD17F2C7990052CFA3 /* BSRebroadcastMsgViewController.h */ = {isa = PBXFileReference; fileEncoding = 4; lastKnownFileType = sourcecode.c.h; path = BSRebroadcastMsgViewController.h; sourceTree = "<group>"; };
		E8E869FE17F2C7990052CFA3 /* BSRebroadcastMsgViewController.m */ = {isa = PBXFileReference; fileEncoding = 4; lastKnownFileType = sourcecode.c.objc; path = BSRebroadcastMsgViewController.m; sourceTree = "<group>"; };
		E8EE33BA17F7BE97009A955A /* BasicShareKit.m */ = {isa = PBXFileReference; fileEncoding = 4; lastKnownFileType = sourcecode.c.objc; path = BasicShareKit.m; sourceTree = "<group>"; };
		E8EF4AFB17F17DDF005F10FA /* BSActionSheet.h */ = {isa = PBXFileReference; fileEncoding = 4; lastKnownFileType = sourcecode.c.h; path = BSActionSheet.h; sourceTree = "<group>"; };
		E8EF4AFC17F17DDF005F10FA /* BSActionSheet.m */ = {isa = PBXFileReference; fileEncoding = 4; lastKnownFileType = sourcecode.c.objc; path = BSActionSheet.m; sourceTree = "<group>"; };
		E8EF4AFE17F17E83005F10FA /* QuartzCore.framework */ = {isa = PBXFileReference; lastKnownFileType = wrapper.framework; name = QuartzCore.framework; path = System/Library/Frameworks/QuartzCore.framework; sourceTree = SDKROOT; };
/* End PBXFileReference section */

/* Begin PBXFrameworksBuildPhase section */
		E80DEF8C17EFDB5500F370C6 /* Frameworks */ = {
			isa = PBXFrameworksBuildPhase;
			buildActionMask = 2147483647;
			files = (
				E8EF4AFF17F17E83005F10FA /* QuartzCore.framework in Frameworks */,
				E80DEFE517F0252400F370C6 /* Security.framework in Frameworks */,
				E80DEF9317EFDB5500F370C6 /* UIKit.framework in Frameworks */,
				E80DEF9517EFDB5500F370C6 /* Foundation.framework in Frameworks */,
				E80DEF9717EFDB5500F370C6 /* CoreGraphics.framework in Frameworks */,
				E80DEFC017EFE00500F370C6 /* libTCWeiboSDK-arm.a in Frameworks */,
				E80DEFC117EFE00500F370C6 /* libTCWeiboSDK-x86.a in Frameworks */,
				E80DEFC217EFE00500F370C6 /* libTCWeiboSDK.a in Frameworks */,
			);
			runOnlyForDeploymentPostprocessing = 0;
		};
/* End PBXFrameworksBuildPhase section */

/* Begin PBXGroup section */
		E808DF7B17F13F4F00545730 /* SinaWeibo */ = {
			isa = PBXGroup;
			children = (
				E808DF7C17F13F4F00545730 /* SinaWeibo.bundle */,
				E808DF7D17F13F4F00545730 /* SinaWeibo.h */,
				E808DF7E17F13F4F00545730 /* SinaWeibo.m */,
				E808DF7F17F13F4F00545730 /* SinaWeiboAuthorizeView.h */,
				E808DF8017F13F4F00545730 /* SinaWeiboAuthorizeView.m */,
				E808DF8117F13F4F00545730 /* SinaWeiboConstants.h */,
				E808DF8217F13F4F00545730 /* SinaWeiboRequest.h */,
				E808DF8317F13F4F00545730 /* SinaWeiboRequest.m */,
			);
			path = SinaWeibo;
			sourceTree = "<group>";
		};
		E808DF8817F1582F00545730 /* JSONKit */ = {
			isa = PBXGroup;
			children = (
				E808DF8917F1582F00545730 /* JSONKit.h */,
				E808DF8A17F1582F00545730 /* JSONKit.m */,
			);
			path = JSONKit;
			sourceTree = "<group>";
		};
		E80DEF8617EFDB5500F370C6 = {
			isa = PBXGroup;
			children = (
				E823AC8017F417BD00D01DEA /* Resources */,
				E8EF4AFA17F17D8E005F10FA /* ShareKit */,
				E808DF8817F1582F00545730 /* JSONKit */,
				E808DF7B17F13F4F00545730 /* SinaWeibo */,
				E80DEFC317EFE5AC00F370C6 /* icon.png */,
				E80DEFB917EFE00500F370C6 /* TCWeiboSDK */,
				E80DEF9817EFDB5500F370C6 /* BasicShareKit */,
				E80DEF9117EFDB5500F370C6 /* Frameworks */,
				E80DEF9017EFDB5500F370C6 /* Products */,
			);
			sourceTree = "<group>";
		};
		E80DEF9017EFDB5500F370C6 /* Products */ = {
			isa = PBXGroup;
			children = (
				E80DEF8F17EFDB5500F370C6 /* BasicShareKit.app */,
			);
			name = Products;
			sourceTree = "<group>";
		};
		E80DEF9117EFDB5500F370C6 /* Frameworks */ = {
			isa = PBXGroup;
			children = (
				E8EF4AFE17F17E83005F10FA /* QuartzCore.framework */,
				E80DEFE417F0252400F370C6 /* Security.framework */,
				E80DEF9217EFDB5500F370C6 /* UIKit.framework */,
				E80DEF9417EFDB5500F370C6 /* Foundation.framework */,
				E80DEF9617EFDB5500F370C6 /* CoreGraphics.framework */,
			);
			name = Frameworks;
			sourceTree = "<group>";
		};
		E80DEF9817EFDB5500F370C6 /* BasicShareKit */ = {
			isa = PBXGroup;
			children = (
				E80DEFA117EFDB5500F370C6 /* BSAppDelegate.h */,
				E80DEFA217EFDB5500F370C6 /* BSAppDelegate.m */,
				E80DEFAA17EFDB5500F370C6 /* BSViewController.h */,
				E80DEFAB17EFDB5500F370C6 /* BSViewController.m */,
				E80DEFAD17EFDB5500F370C6 /* BSViewController.xib */,
				E80DEF9917EFDB5500F370C6 /* Supporting Files */,
			);
			path = BasicShareKit;
			sourceTree = "<group>";
		};
		E80DEF9917EFDB5500F370C6 /* Supporting Files */ = {
			isa = PBXGroup;
			children = (
				E80DEF9A17EFDB5500F370C6 /* BasicShareKit-Info.plist */,
				E80DEF9B17EFDB5500F370C6 /* InfoPlist.strings */,
				E80DEF9E17EFDB5500F370C6 /* main.m */,
				E80DEFA017EFDB5500F370C6 /* BasicShareKit-Prefix.pch */,
				E80DEFA417EFDB5500F370C6 /* Default.png */,
				E80DEFA617EFDB5500F370C6 /* Default@2x.png */,
				E80DEFA817EFDB5500F370C6 /* Default-568h@2x.png */,
			);
			name = "Supporting Files";
			sourceTree = "<group>";
		};
		E80DEFB917EFE00500F370C6 /* TCWeiboSDK */ = {
			isa = PBXGroup;
			children = (
				E80DEFBA17EFE00500F370C6 /* libTCWeiboSDK-arm.a */,
				E80DEFBB17EFE00500F370C6 /* libTCWeiboSDK-x86.a */,
				E80DEFBC17EFE00500F370C6 /* libTCWeiboSDK.a */,
				E80DEFBD17EFE00500F370C6 /* WeiboApi.h */,
			);
			path = TCWeiboSDK;
			sourceTree = "<group>";
		};
		E823AC8017F417BD00D01DEA /* Resources */ = {
			isa = PBXGroup;
			children = (
				E81AD41117F5353100B90756 /* test.png */,
				E81AD41217F5353100B90756 /* test@2x.png */,
				E823AC8117F417BD00D01DEA /* ShareButtonBG.png */,
				E823AC8217F417BD00D01DEA /* ShareButtonBG@2x.png */,
			);
			path = Resources;
			sourceTree = "<group>";
		};
		E8EF4AFA17F17D8E005F10FA /* ShareKit */ = {
			isa = PBXGroup;
			children = (
				E8E869E617F27C300052CFA3 /* BasicShareKit.bundle */,
				E8EF4AFB17F17DDF005F10FA /* BSActionSheet.h */,
				E8EF4AFC17F17DDF005F10FA /* BSActionSheet.m */,
				E8E869F117F2BBB30052CFA3 /* BSPlaceHolderTextView.h */,
				E8E869F217F2BBB30052CFA3 /* BSPlaceHolderTextView.m */,
				E8E869EF17F2890C0052CFA3 /* BasicShareKit.h */,
				E8EE33BA17F7BE97009A955A /* BasicShareKit.m */,
				E8E869F017F28A320052CFA3 /* BasicShareTypeDef.h */,
				E8E869F717F2C7570052CFA3 /* BSBaseRebroadcastMsgViewController.h */,
				E8E869F817F2C7580052CFA3 /* BSBaseRebroadcastMsgViewController.m */,
				E8E869FA17F2C77E0052CFA3 /* BSSimpleRebroadcastMsgViewController.h */,
				E8E869FB17F2C77F0052CFA3 /* BSSimpleRebroadcastMsgViewController.m */,
				E8E869FD17F2C7990052CFA3 /* BSRebroadcastMsgViewController.h */,
				E8E869FE17F2C7990052CFA3 /* BSRebroadcastMsgViewController.m */,
				E823AC7D17F4039300D01DEA /* BSCustomButtons.h */,
				E823AC7E17F4039300D01DEA /* BSCustomButtons.m */,
				E823AC9B17F434A100D01DEA /* BSImagePickerController.h */,
				E823AC9C17F434A100D01DEA /* BSImagePickerController.m */,
				E81AD41517F5526300B90756 /* BSAttachedPictureView.h */,
				E81AD41617F5526300B90756 /* BSAttachedPictureView.m */,
				E81AD41817F55CEC00B90756 /* BSAttachedPictureCtrlView.h */,
				E81AD41917F55CEC00B90756 /* BSAttachedPictureCtrlView.m */,
				E8E869E917F27E050052CFA3 /* UIImage+BasicShareKit.h */,
				E8E869EA17F27E050052CFA3 /* UIImage+BasicShareKit.m */,
				E823AC7A17F4029300D01DEA /* UIView+BasicShareKit.h */,
				E823AC7B17F4029300D01DEA /* UIView+BasicShareKit.m */,
				E823AC8517F42E9F00D01DEA /* NSString+BasicShareKit.h */,
				E823AC8617F42E9F00D01DEA /* NSString+BasicShareKit.m */,
				E823AC9817F4312D00D01DEA /* UIButton+BasicShareKit.h */,
				E823AC9917F4312D00D01DEA /* UIButton+BasicShareKit.m */,
			);
			path = ShareKit;
			sourceTree = "<group>";
		};
/* End PBXGroup section */

/* Begin PBXNativeTarget section */
		E80DEF8E17EFDB5500F370C6 /* BasicShareKit */ = {
			isa = PBXNativeTarget;
			buildConfigurationList = E80DEFB217EFDB5500F370C6 /* Build configuration list for PBXNativeTarget "BasicShareKit" */;
			buildPhases = (
				E80DEF8B17EFDB5500F370C6 /* Sources */,
				E80DEF8C17EFDB5500F370C6 /* Frameworks */,
				E80DEF8D17EFDB5500F370C6 /* Resources */,
			);
			buildRules = (
			);
			dependencies = (
			);
			name = BasicShareKit;
			productName = BasicShareKit;
			productReference = E80DEF8F17EFDB5500F370C6 /* BasicShareKit.app */;
			productType = "com.apple.product-type.application";
		};
/* End PBXNativeTarget section */

/* Begin PBXProject section */
		E80DEF8717EFDB5500F370C6 /* Project object */ = {
			isa = PBXProject;
			attributes = {
				CLASSPREFIX = BS;
				LastUpgradeCheck = 0460;
				ORGANIZATIONNAME = 5codelab;
			};
			buildConfigurationList = E80DEF8A17EFDB5500F370C6 /* Build configuration list for PBXProject "BasicShareKit" */;
			compatibilityVersion = "Xcode 3.2";
			developmentRegion = English;
			hasScannedForEncodings = 0;
			knownRegions = (
				en,
			);
			mainGroup = E80DEF8617EFDB5500F370C6;
			productRefGroup = E80DEF9017EFDB5500F370C6 /* Products */;
			projectDirPath = "";
			projectRoot = "";
			targets = (
				E80DEF8E17EFDB5500F370C6 /* BasicShareKit */,
			);
		};
/* End PBXProject section */

/* Begin PBXResourcesBuildPhase section */
		E80DEF8D17EFDB5500F370C6 /* Resources */ = {
			isa = PBXResourcesBuildPhase;
			buildActionMask = 2147483647;
			files = (
				E80DEF9D17EFDB5500F370C6 /* InfoPlist.strings in Resources */,
				E80DEFA517EFDB5500F370C6 /* Default.png in Resources */,
				E80DEFA717EFDB5500F370C6 /* Default@2x.png in Resources */,
				E80DEFA917EFDB5500F370C6 /* Default-568h@2x.png in Resources */,
				E80DEFAF17EFDB5500F370C6 /* BSViewController.xib in Resources */,
				E80DEFC417EFE5AC00F370C6 /* icon.png in Resources */,
				E808DF8417F13F4F00545730 /* SinaWeibo.bundle in Resources */,
				E8E869E717F27C300052CFA3 /* BasicShareKit.bundle in Resources */,
				E823AC8317F417BD00D01DEA /* ShareButtonBG.png in Resources */,
				E823AC8417F417BD00D01DEA /* ShareButtonBG@2x.png in Resources */,
				E81AD41317F5353100B90756 /* test.png in Resources */,
				E81AD41417F5353100B90756 /* test@2x.png in Resources */,
			);
			runOnlyForDeploymentPostprocessing = 0;
		};
/* End PBXResourcesBuildPhase section */

/* Begin PBXSourcesBuildPhase section */
		E80DEF8B17EFDB5500F370C6 /* Sources */ = {
			isa = PBXSourcesBuildPhase;
			buildActionMask = 2147483647;
			files = (
				E80DEF9F17EFDB5500F370C6 /* main.m in Sources */,
				E80DEFA317EFDB5500F370C6 /* BSAppDelegate.m in Sources */,
				E80DEFAC17EFDB5500F370C6 /* BSViewController.m in Sources */,
				E808DF8517F13F4F00545730 /* SinaWeibo.m in Sources */,
				E808DF8617F13F4F00545730 /* SinaWeiboAuthorizeView.m in Sources */,
				E808DF8717F13F4F00545730 /* SinaWeiboRequest.m in Sources */,
				E808DF8B17F1582F00545730 /* JSONKit.m in Sources */,
				E8EF4AFD17F17DDF005F10FA /* BSActionSheet.m in Sources */,
				E8E869EB17F27E050052CFA3 /* UIImage+BasicShareKit.m in Sources */,
				E8E869F317F2BBB30052CFA3 /* BSPlaceHolderTextView.m in Sources */,
				E8E869F917F2C7580052CFA3 /* BSBaseRebroadcastMsgViewController.m in Sources */,
				E8E869FC17F2C77F0052CFA3 /* BSSimpleRebroadcastMsgViewController.m in Sources */,
				E8E869FF17F2C7990052CFA3 /* BSRebroadcastMsgViewController.m in Sources */,
				E823AC7C17F4029300D01DEA /* UIView+BasicShareKit.m in Sources */,
				E823AC7F17F4039300D01DEA /* BSCustomButtons.m in Sources */,
				E823AC8717F42E9F00D01DEA /* NSString+BasicShareKit.m in Sources */,
				E823AC9A17F4312E00D01DEA /* UIButton+BasicShareKit.m in Sources */,
				E823AC9D17F434A200D01DEA /* BSImagePickerController.m in Sources */,
				E81AD41717F5526300B90756 /* BSAttachedPictureView.m in Sources */,
				E81AD41A17F55CEC00B90756 /* BSAttachedPictureCtrlView.m in Sources */,
				E8EE33BB17F7BE97009A955A /* BasicShareKit.m in Sources */,
			);
			runOnlyForDeploymentPostprocessing = 0;
		};
/* End PBXSourcesBuildPhase section */

/* Begin PBXVariantGroup section */
		E80DEF9B17EFDB5500F370C6 /* InfoPlist.strings */ = {
			isa = PBXVariantGroup;
			children = (
				E80DEF9C17EFDB5500F370C6 /* en */,
			);
			name = InfoPlist.strings;
			sourceTree = "<group>";
		};
		E80DEFAD17EFDB5500F370C6 /* BSViewController.xib */ = {
			isa = PBXVariantGroup;
			children = (
				E80DEFAE17EFDB5500F370C6 /* en */,
			);
			name = BSViewController.xib;
			sourceTree = "<group>";
		};
/* End PBXVariantGroup section */

/* Begin XCBuildConfiguration section */
		E80DEFB017EFDB5500F370C6 /* Debug */ = {
			isa = XCBuildConfiguration;
			buildSettings = {
				ALWAYS_SEARCH_USER_PATHS = NO;
				CLANG_CXX_LANGUAGE_STANDARD = "gnu++0x";
				CLANG_CXX_LIBRARY = "libc++";
				CLANG_WARN_CONSTANT_CONVERSION = YES;
				CLANG_WARN_EMPTY_BODY = YES;
				CLANG_WARN_ENUM_CONVERSION = YES;
				CLANG_WARN_INT_CONVERSION = YES;
				CLANG_WARN__DUPLICATE_METHOD_MATCH = YES;
				"CODE_SIGN_IDENTITY[sdk=iphoneos*]" = "iPhone Developer";
				COPY_PHASE_STRIP = NO;
				GCC_C_LANGUAGE_STANDARD = gnu99;
				GCC_DYNAMIC_NO_PIC = NO;
				GCC_OPTIMIZATION_LEVEL = 0;
				GCC_PREPROCESSOR_DEFINITIONS = (
					"DEBUG=1",
					"$(inherited)",
				);
				GCC_SYMBOLS_PRIVATE_EXTERN = NO;
				GCC_WARN_ABOUT_RETURN_TYPE = YES;
				GCC_WARN_UNINITIALIZED_AUTOS = YES;
				GCC_WARN_UNUSED_VARIABLE = YES;
				IPHONEOS_DEPLOYMENT_TARGET = 5.0;
				ONLY_ACTIVE_ARCH = YES;
				SDKROOT = iphoneos;
			};
			name = Debug;
		};
		E80DEFB117EFDB5500F370C6 /* Release */ = {
			isa = XCBuildConfiguration;
			buildSettings = {
				ALWAYS_SEARCH_USER_PATHS = NO;
				CLANG_CXX_LANGUAGE_STANDARD = "gnu++0x";
				CLANG_CXX_LIBRARY = "libc++";
				CLANG_WARN_CONSTANT_CONVERSION = YES;
				CLANG_WARN_EMPTY_BODY = YES;
				CLANG_WARN_ENUM_CONVERSION = YES;
				CLANG_WARN_INT_CONVERSION = YES;
				CLANG_WARN__DUPLICATE_METHOD_MATCH = YES;
				"CODE_SIGN_IDENTITY[sdk=iphoneos*]" = "iPhone Developer";
				COPY_PHASE_STRIP = YES;
				GCC_C_LANGUAGE_STANDARD = gnu99;
				GCC_WARN_ABOUT_RETURN_TYPE = YES;
				GCC_WARN_UNINITIALIZED_AUTOS = YES;
				GCC_WARN_UNUSED_VARIABLE = YES;
				IPHONEOS_DEPLOYMENT_TARGET = 5.0;
				OTHER_CFLAGS = "-DNS_BLOCK_ASSERTIONS=1";
				SDKROOT = iphoneos;
				VALIDATE_PRODUCT = YES;
			};
			name = Release;
		};
		E80DEFB317EFDB5500F370C6 /* Debug */ = {
			isa = XCBuildConfiguration;
			buildSettings = {
				GCC_PRECOMPILE_PREFIX_HEADER = YES;
				GCC_PREFIX_HEADER = "BasicShareKit/BasicShareKit-Prefix.pch";
				INFOPLIST_FILE = "BasicShareKit/BasicShareKit-Info.plist";
				IPHONEOS_DEPLOYMENT_TARGET = 5.0;
				LIBRARY_SEARCH_PATHS = (
					"$(inherited)",
					"\"$(SRCROOT)/SinaWeiboSDK\"",
					"\"$(SRCROOT)/TCWeiboSDK\"",
				);
				PRODUCT_NAME = "$(TARGET_NAME)";
				WRAPPER_EXTENSION = app;
			};
			name = Debug;
		};
		E80DEFB417EFDB5500F370C6 /* Release */ = {
			isa = XCBuildConfiguration;
			buildSettings = {
				GCC_PRECOMPILE_PREFIX_HEADER = YES;
				GCC_PREFIX_HEADER = "BasicShareKit/BasicShareKit-Prefix.pch";
				INFOPLIST_FILE = "BasicShareKit/BasicShareKit-Info.plist";
				IPHONEOS_DEPLOYMENT_TARGET = 5.0;
				LIBRARY_SEARCH_PATHS = (
					"$(inherited)",
					"\"$(SRCROOT)/SinaWeiboSDK\"",
					"\"$(SRCROOT)/TCWeiboSDK\"",
				);
				PRODUCT_NAME = "$(TARGET_NAME)";
				WRAPPER_EXTENSION = app;
			};
			name = Release;
		};
/* End XCBuildConfiguration section */

/* Begin XCConfigurationList section */
		E80DEF8A17EFDB5500F370C6 /* Build configuration list for PBXProject "BasicShareKit" */ = {
			isa = XCConfigurationList;
			buildConfigurations = (
				E80DEFB017EFDB5500F370C6 /* Debug */,
				E80DEFB117EFDB5500F370C6 /* Release */,
			);
			defaultConfigurationIsVisible = 0;
			defaultConfigurationName = Release;
		};
		E80DEFB217EFDB5500F370C6 /* Build configuration list for PBXNativeTarget "BasicShareKit" */ = {
			isa = XCConfigurationList;
			buildConfigurations = (
				E80DEFB317EFDB5500F370C6 /* Debug */,
				E80DEFB417EFDB5500F370C6 /* Release */,
			);
			defaultConfigurationIsVisible = 0;
			defaultConfigurationName = Release;
		};
/* End XCConfigurationList section */
	};
	rootObject = E80DEF8717EFDB5500F370C6 /* Project object */;
}
