// !$*UTF8*$!
{
	archiveVersion = 1;
	classes = {
	};
	objectVersion = 46;
	objects = {

/* Begin PBXBuildFile section */
		E80DEF9317EFDB5500F370C6 /* UIKit.framework in Frameworks */ = {isa = PBXBuildFile; fileRef = E80DEF9217EFDB5500F370C6 /* UIKit.framework */; };
		E80DEF9517EFDB5500F370C6 /* Foundation.framework in Frameworks */ = {isa = PBXBuildFile; fileRef = E80DEF9417EFDB5500F370C6 /* Foundation.framework */; };
		E80DEF9717EFDB5500F370C6 /* CoreGraphics.framework in Frameworks */ = {isa = PBXBuildFile; fileRef = E80DEF9617EFDB5500F370C6 /* CoreGraphics.framework */; };
		E80DEF9D17EFDB5500F370C6 /* InfoPlist.strings in Resources */ = {isa = PBXBuildFile; fileRef = E80DEF9B17EFDB5500F370C6 /* InfoPlist.strings */; };
		E80DEF9F17EFDB5500F370C6 /* main.m in Sources */ = {isa = PBXBuildFile; fileRef = E80DEF9E17EFDB5500F370C6 /* main.m */; };
		E80DEFA317EFDB5500F370C6 /* BSAppDelegate.m in Sources */ = {isa = PBXBuildFile; fileRef = E80DEFA217EFDB5500F370C6 /* BSAppDelegate.m */; };
		E80DEFA517EFDB5500F370C6 /* Default.png in Resources */ = {isa = PBXBuildFile; fileRef = E80DEFA417EFDB5500F370C6 /* Default.png */; };
		E80DEFA717EFDB5500F370C6 /* Default@2x.png in Resources */ = {isa = PBXBuildFile; fileRef = E80DEFA617EFDB5500F370C6 /* Default@2x.png */; };
		E80DEFA917EFDB5500F370C6 /* Default-568h@2x.png in Resources */ = {isa = PBXBuildFile; fileRef = E80DEFA817EFDB5500F370C6 /* Default-568h@2x.png */; };
		E80DEFAC17EFDB5500F370C6 /* BSViewController.m in Sources */ = {isa = PBXBuildFile; fileRef = E80DEFAB17EFDB5500F370C6 /* BSViewController.m */; };
		E80DEFAF17EFDB5500F370C6 /* BSViewController.xib in Resources */ = {isa = PBXBuildFile; fileRef = E80DEFAD17EFDB5500F370C6 /* BSViewController.xib */; };
/* End PBXBuildFile section */

/* Begin PBXFileReference section */
		E80DEF8F17EFDB5500F370C6 /* BasicShareKit.app */ = {isa = PBXFileReference; explicitFileType = wrapper.application; includeInIndex = 0; path = BasicShareKit.app; sourceTree = BUILT_PRODUCTS_DIR; };
		E80DEF9217EFDB5500F370C6 /* UIKit.framework */ = {isa = PBXFileReference; lastKnownFileType = wrapper.framework; name = UIKit.framework; path = System/Library/Frameworks/UIKit.framework; sourceTree = SDKROOT; };
		E80DEF9417EFDB5500F370C6 /* Foundation.framework */ = {isa = PBXFileReference; lastKnownFileType = wrapper.framework; name = Foundation.framework; path = System/Library/Frameworks/Foundation.framework; sourceTree = SDKROOT; };
		E80DEF9617EFDB5500F370C6 /* CoreGraphics.framework */ = {isa = PBXFileReference; lastKnownFileType = wrapper.framework; name = CoreGraphics.framework; path = System/Library/Frameworks/CoreGraphics.framework; sourceTree = SDKROOT; };
		E80DEF9A17EFDB5500F370C6 /* BasicShareKit-Info.plist */ = {isa = PBXFileReference; lastKnownFileType = text.plist.xml; path = "BasicShareKit-Info.plist"; sourceTree = "<group>"; };
		E80DEF9C17EFDB5500F370C6 /* en */ = {isa = PBXFileReference; lastKnownFileType = text.plist.strings; name = en; path = en.lproj/InfoPlist.strings; sourceTree = "<group>"; };
		E80DEF9E17EFDB5500F370C6 /* main.m */ = {isa = PBXFileReference; lastKnownFileType = sourcecode.c.objc; path = main.m; sourceTree = "<group>"; };
		E80DEFA017EFDB5500F370C6 /* BasicShareKit-Prefix.pch */ = {isa = PBXFileReference; lastKnownFileType = sourcecode.c.h; path = "BasicShareKit-Prefix.pch"; sourceTree = "<group>"; };
		E80DEFA117EFDB5500F370C6 /* BSAppDelegate.h */ = {isa = PBXFileReference; lastKnownFileType = sourcecode.c.h; path = BSAppDelegate.h; sourceTree = "<group>"; };
		E80DEFA217EFDB5500F370C6 /* BSAppDelegate.m */ = {isa = PBXFileReference; lastKnownFileType = sourcecode.c.objc; path = BSAppDelegate.m; sourceTree = "<group>"; };
		E80DEFA417EFDB5500F370C6 /* Default.png */ = {isa = PBXFileReference; lastKnownFileType = image.png; path = Default.png; sourceTree = "<group>"; };
		E80DEFA617EFDB5500F370C6 /* Default@2x.png */ = {isa = PBXFileReference; lastKnownFileType = image.png; path = "Default@2x.png"; sourceTree = "<group>"; };
		E80DEFA817EFDB5500F370C6 /* Default-568h@2x.png */ = {isa = PBXFileReference; lastKnownFileType = image.png; path = "Default-568h@2x.png"; sourceTree = "<group>"; };
		E80DEFAA17EFDB5500F370C6 /* BSViewController.h */ = {isa = PBXFileReference; lastKnownFileType = sourcecode.c.h; path = BSViewController.h; sourceTree = "<group>"; };
		E80DEFAB17EFDB5500F370C6 /* BSViewController.m */ = {isa = PBXFileReference; lastKnownFileType = sourcecode.c.objc; path = BSViewController.m; sourceTree = "<group>"; };
		E80DEFAE17EFDB5500F370C6 /* en */ = {isa = PBXFileReference; lastKnownFileType = file.xib; name = en; path = en.lproj/BSViewController.xib; sourceTree = "<group>"; };
/* End PBXFileReference section */

/* Begin PBXFrameworksBuildPhase section */
		E80DEF8C17EFDB5500F370C6 /* Frameworks */ = {
			isa = PBXFrameworksBuildPhase;
			buildActionMask = 2147483647;
			files = (
				E80DEF9317EFDB5500F370C6 /* UIKit.framework in Frameworks */,
				E80DEF9517EFDB5500F370C6 /* Foundation.framework in Frameworks */,
				E80DEF9717EFDB5500F370C6 /* CoreGraphics.framework in Frameworks */,
			);
			runOnlyForDeploymentPostprocessing = 0;
		};
/* End PBXFrameworksBuildPhase section */

/* Begin PBXGroup section */
		E80DEF8617EFDB5500F370C6 = {
			isa = PBXGroup;
			children = (
				E80DEF9817EFDB5500F370C6 /* BasicShareKit */,
				E80DEF9117EFDB5500F370C6 /* Frameworks */,
				E80DEF9017EFDB5500F370C6 /* Products */,
			);
			sourceTree = "<group>";
		};
		E80DEF9017EFDB5500F370C6 /* Products */ = {
			isa = PBXGroup;
			children = (
				E80DEF8F17EFDB5500F370C6 /* BasicShareKit.app */,
			);
			name = Products;
			sourceTree = "<group>";
		};
		E80DEF9117EFDB5500F370C6 /* Frameworks */ = {
			isa = PBXGroup;
			children = (
				E80DEF9217EFDB5500F370C6 /* UIKit.framework */,
				E80DEF9417EFDB5500F370C6 /* Foundation.framework */,
				E80DEF9617EFDB5500F370C6 /* CoreGraphics.framework */,
			);
			name = Frameworks;
			sourceTree = "<group>";
		};
		E80DEF9817EFDB5500F370C6 /* BasicShareKit */ = {
			isa = PBXGroup;
			children = (
				E80DEFA117EFDB5500F370C6 /* BSAppDelegate.h */,
				E80DEFA217EFDB5500F370C6 /* BSAppDelegate.m */,
				E80DEFAA17EFDB5500F370C6 /* BSViewController.h */,
				E80DEFAB17EFDB5500F370C6 /* BSViewController.m */,
				E80DEFAD17EFDB5500F370C6 /* BSViewController.xib */,
				E80DEF9917EFDB5500F370C6 /* Supporting Files */,
			);
			path = BasicShareKit;
			sourceTree = "<group>";
		};
		E80DEF9917EFDB5500F370C6 /* Supporting Files */ = {
			isa = PBXGroup;
			children = (
				E80DEF9A17EFDB5500F370C6 /* BasicShareKit-Info.plist */,
				E80DEF9B17EFDB5500F370C6 /* InfoPlist.strings */,
				E80DEF9E17EFDB5500F370C6 /* main.m */,
				E80DEFA017EFDB5500F370C6 /* BasicShareKit-Prefix.pch */,
				E80DEFA417EFDB5500F370C6 /* Default.png */,
				E80DEFA617EFDB5500F370C6 /* Default@2x.png */,
				E80DEFA817EFDB5500F370C6 /* Default-568h@2x.png */,
			);
			name = "Supporting Files";
			sourceTree = "<group>";
		};
/* End PBXGroup section */

/* Begin PBXNativeTarget section */
		E80DEF8E17EFDB5500F370C6 /* BasicShareKit */ = {
			isa = PBXNativeTarget;
			buildConfigurationList = E80DEFB217EFDB5500F370C6 /* Build configuration list for PBXNativeTarget "BasicShareKit" */;
			buildPhases = (
				E80DEF8B17EFDB5500F370C6 /* Sources */,
				E80DEF8C17EFDB5500F370C6 /* Frameworks */,
				E80DEF8D17EFDB5500F370C6 /* Resources */,
			);
			buildRules = (
			);
			dependencies = (
			);
			name = BasicShareKit;
			productName = BasicShareKit;
			productReference = E80DEF8F17EFDB5500F370C6 /* BasicShareKit.app */;
			productType = "com.apple.product-type.application";
		};
/* End PBXNativeTarget section */

/* Begin PBXProject section */
		E80DEF8717EFDB5500F370C6 /* Project object */ = {
			isa = PBXProject;
			attributes = {
				CLASSPREFIX = BS;
				LastUpgradeCheck = 0460;
				ORGANIZATIONNAME = 5codelab;
			};
			buildConfigurationList = E80DEF8A17EFDB5500F370C6 /* Build configuration list for PBXProject "BasicShareKit" */;
			compatibilityVersion = "Xcode 3.2";
			developmentRegion = English;
			hasScannedForEncodings = 0;
			knownRegions = (
				en,
			);
			mainGroup = E80DEF8617EFDB5500F370C6;
			productRefGroup = E80DEF9017EFDB5500F370C6 /* Products */;
			projectDirPath = "";
			projectRoot = "";
			targets = (
				E80DEF8E17EFDB5500F370C6 /* BasicShareKit */,
			);
		};
/* End PBXProject section */

/* Begin PBXResourcesBuildPhase section */
		E80DEF8D17EFDB5500F370C6 /* Resources */ = {
			isa = PBXResourcesBuildPhase;
			buildActionMask = 2147483647;
			files = (
				E80DEF9D17EFDB5500F370C6 /* InfoPlist.strings in Resources */,
				E80DEFA517EFDB5500F370C6 /* Default.png in Resources */,
				E80DEFA717EFDB5500F370C6 /* Default@2x.png in Resources */,
				E80DEFA917EFDB5500F370C6 /* Default-568h@2x.png in Resources */,
				E80DEFAF17EFDB5500F370C6 /* BSViewController.xib in Resources */,
			);
			runOnlyForDeploymentPostprocessing = 0;
		};
/* End PBXResourcesBuildPhase section */

/* Begin PBXSourcesBuildPhase section */
		E80DEF8B17EFDB5500F370C6 /* Sources */ = {
			isa = PBXSourcesBuildPhase;
			buildActionMask = 2147483647;
			files = (
				E80DEF9F17EFDB5500F370C6 /* main.m in Sources */,
				E80DEFA317EFDB5500F370C6 /* BSAppDelegate.m in Sources */,
				E80DEFAC17EFDB5500F370C6 /* BSViewController.m in Sources */,
			);
			runOnlyForDeploymentPostprocessing = 0;
		};
/* End PBXSourcesBuildPhase section */

/* Begin PBXVariantGroup section */
		E80DEF9B17EFDB5500F370C6 /* InfoPlist.strings */ = {
			isa = PBXVariantGroup;
			children = (
				E80DEF9C17EFDB5500F370C6 /* en */,
			);
			name = InfoPlist.strings;
			sourceTree = "<group>";
		};
		E80DEFAD17EFDB5500F370C6 /* BSViewController.xib */ = {
			isa = PBXVariantGroup;
			children = (
				E80DEFAE17EFDB5500F370C6 /* en */,
			);
			name = BSViewController.xib;
			sourceTree = "<group>";
		};
/* End PBXVariantGroup section */

/* Begin XCBuildConfiguration section */
		E80DEFB017EFDB5500F370C6 /* Debug */ = {
			isa = XCBuildConfiguration;
			buildSettings = {
				ALWAYS_SEARCH_USER_PATHS = NO;
				CLANG_CXX_LANGUAGE_STANDARD = "gnu++0x";
				CLANG_CXX_LIBRARY = "libc++";
				CLANG_WARN_CONSTANT_CONVERSION = YES;
				CLANG_WARN_EMPTY_BODY = YES;
				CLANG_WARN_ENUM_CONVERSION = YES;
				CLANG_WARN_INT_CONVERSION = YES;
				CLANG_WARN__DUPLICATE_METHOD_MATCH = YES;
				"CODE_SIGN_IDENTITY[sdk=iphoneos*]" = "iPhone Developer";
				COPY_PHASE_STRIP = NO;
				GCC_C_LANGUAGE_STANDARD = gnu99;
				GCC_DYNAMIC_NO_PIC = NO;
				GCC_OPTIMIZATION_LEVEL = 0;
				GCC_PREPROCESSOR_DEFINITIONS = (
					"DEBUG=1",
					"$(inherited)",
				);
				GCC_SYMBOLS_PRIVATE_EXTERN = NO;
				GCC_WARN_ABOUT_RETURN_TYPE = YES;
				GCC_WARN_UNINITIALIZED_AUTOS = YES;
				GCC_WARN_UNUSED_VARIABLE = YES;
				IPHONEOS_DEPLOYMENT_TARGET = 5.0;
				ONLY_ACTIVE_ARCH = YES;
				SDKROOT = iphoneos;
			};
			name = Debug;
		};
		E80DEFB117EFDB5500F370C6 /* Release */ = {
			isa = XCBuildConfiguration;
			buildSettings = {
				ALWAYS_SEARCH_USER_PATHS = NO;
				CLANG_CXX_LANGUAGE_STANDARD = "gnu++0x";
				CLANG_CXX_LIBRARY = "libc++";
				CLANG_WARN_CONSTANT_CONVERSION = YES;
				CLANG_WARN_EMPTY_BODY = YES;
				CLANG_WARN_ENUM_CONVERSION = YES;
				CLANG_WARN_INT_CONVERSION = YES;
				CLANG_WARN__DUPLICATE_METHOD_MATCH = YES;
				"CODE_SIGN_IDENTITY[sdk=iphoneos*]" = "iPhone Developer";
				COPY_PHASE_STRIP = YES;
				GCC_C_LANGUAGE_STANDARD = gnu99;
				GCC_WARN_ABOUT_RETURN_TYPE = YES;
				GCC_WARN_UNINITIALIZED_AUTOS = YES;
				GCC_WARN_UNUSED_VARIABLE = YES;
				IPHONEOS_DEPLOYMENT_TARGET = 5.0;
				OTHER_CFLAGS = "-DNS_BLOCK_ASSERTIONS=1";
				SDKROOT = iphoneos;
				VALIDATE_PRODUCT = YES;
			};
			name = Release;
		};
		E80DEFB317EFDB5500F370C6 /* Debug */ = {
			isa = XCBuildConfiguration;
			buildSettings = {
				GCC_PRECOMPILE_PREFIX_HEADER = YES;
				GCC_PREFIX_HEADER = "BasicShareKit/BasicShareKit-Prefix.pch";
				INFOPLIST_FILE = "BasicShareKit/BasicShareKit-Info.plist";
				IPHONEOS_DEPLOYMENT_TARGET = 5.0;
				PRODUCT_NAME = "$(TARGET_NAME)";
				WRAPPER_EXTENSION = app;
			};
			name = Debug;
		};
		E80DEFB417EFDB5500F370C6 /* Release */ = {
			isa = XCBuildConfiguration;
			buildSettings = {
				GCC_PRECOMPILE_PREFIX_HEADER = YES;
				GCC_PREFIX_HEADER = "BasicShareKit/BasicShareKit-Prefix.pch";
				INFOPLIST_FILE = "BasicShareKit/BasicShareKit-Info.plist";
				IPHONEOS_DEPLOYMENT_TARGET = 5.0;
				PRODUCT_NAME = "$(TARGET_NAME)";
				WRAPPER_EXTENSION = app;
			};
			name = Release;
		};
/* End XCBuildConfiguration section */

/* Begin XCConfigurationList section */
		E80DEF8A17EFDB5500F370C6 /* Build configuration list for PBXProject "BasicShareKit" */ = {
			isa = XCConfigurationList;
			buildConfigurations = (
				E80DEFB017EFDB5500F370C6 /* Debug */,
				E80DEFB117EFDB5500F370C6 /* Release */,
			);
			defaultConfigurationIsVisible = 0;
			defaultConfigurationName = Release;
		};
		E80DEFB217EFDB5500F370C6 /* Build configuration list for PBXNativeTarget "BasicShareKit" */ = {
			isa = XCConfigurationList;
			buildConfigurations = (
				E80DEFB317EFDB5500F370C6 /* Debug */,
				E80DEFB417EFDB5500F370C6 /* Release */,
			);
			defaultConfigurationIsVisible = 0;
			defaultConfigurationName = Release;
		};
/* End XCConfigurationList section */
	};
	rootObject = E80DEF8717EFDB5500F370C6 /* Project object */;
}
